
Microsoft Visual Studio Solution File, Format Version 12.00
# Visual Studio 2012
Project("{FAE04EC0-301F-11D3-BF4B-00C04F79EFBC}") = "AccountWebService", "AccountWebService\AccountWebService.csproj", "{776D5D0F-1E36-4FDF-BEED-9DAAFBC6563B}"
EndProject
Global
	GlobalSection(SolutionConfigurationPlatforms) = preSolution
		Debug|Any CPU = Debug|Any CPU
		Release|Any CPU = Release|Any CPU
	EndGlobalSection
	GlobalSection(ProjectConfigurationPlatforms) = postSolution
		{776D5D0F-1E36-4FDF-BEED-9DAAFBC6563B}.Debug|Any CPU.ActiveCfg = Debug|Any CPU
		{776D5D0F-1E36-4FDF-BEED-9DAAFBC6563B}.Debug|Any CPU.Build.0 = Debug|Any CPU
		{776D5D0F-1E36-4FDF-BEED-9DAAFBC6563B}.Release|Any CPU.ActiveCfg = Release|Any CPU
		{776D5D0F-1E36-4FDF-BEED-9DAAFBC6563B}.Release|Any CPU.Build.0 = Release|Any CPU
	EndGlobalSection
	GlobalSection(SolutionProperties) = preSolution
		HideSolutionNode = FALSE
	EndGlobalSection
EndGlobal
